
Microsoft Visual Studio Solution File, Format Version 12.00
# Visual Studio Version 16
VisualStudioVersion = 16.0.30011.22
MinimumVisualStudioVersion = 10.0.40219.1
Project("{FAE04EC0-301F-11D3-BF4B-00C04F79EFBC}") = "JoggingPal", "JoggingPal\JoggingPal.csproj", "{39C205EF-2392-4247-8108-6472C66A44CB}"
EndProject
Global
	GlobalSection(SolutionConfigurationPlatforms) = preSolution
		Debug|Any CPU = Debug|Any CPU
		Release|Any CPU = Release|Any CPU
	EndGlobalSection
	GlobalSection(ProjectConfigurationPlatforms) = postSolution
		{39C205EF-2392-4247-8108-6472C66A44CB}.Debug|Any CPU.ActiveCfg = Debug|Any CPU
		{39C205EF-2392-4247-8108-6472C66A44CB}.Debug|Any CPU.Build.0 = Debug|Any CPU
		{39C205EF-2392-4247-8108-6472C66A44CB}.Release|Any CPU.ActiveCfg = Release|Any CPU
		{39C205EF-2392-4247-8108-6472C66A44CB}.Release|Any CPU.Build.0 = Release|Any CPU
	EndGlobalSection
	GlobalSection(SolutionProperties) = preSolution
		HideSolutionNode = FALSE
	EndGlobalSection
	GlobalSection(ExtensibilityGlobals) = postSolution
		SolutionGuid = {C146A44E-A202-43A1-8F85-CB37E9956F28}
	EndGlobalSection
EndGlobal
